
Microsoft Visual Studio Solution File, Format Version 11.00
# Visual Studio 2010
Project("{FAE04EC0-301F-11D3-BF4B-00C04F79EFBC}") = "Trello.net.Tests", "Trello.net.Tests\Trello.net.Tests.csproj", "{7AF51487-695B-4C99-88EB-79A65FA4F2AC}"
EndProject
Project("{FAE04EC0-301F-11D3-BF4B-00C04F79EFBC}") = "TrelloNet", "TrelloNet\TrelloNet.csproj", "{2E12EBE0-580F-428A-9E14-07C3AFAC834B}"
EndProject
Global
	GlobalSection(SolutionConfigurationPlatforms) = preSolution
		Debug|Any CPU = Debug|Any CPU
		Release|Any CPU = Release|Any CPU
	EndGlobalSection
	GlobalSection(ProjectConfigurationPlatforms) = postSolution
		{7AF51487-695B-4C99-88EB-79A65FA4F2AC}.Debug|Any CPU.ActiveCfg = Debug|Any CPU
		{7AF51487-695B-4C99-88EB-79A65FA4F2AC}.Debug|Any CPU.Build.0 = Debug|Any CPU
		{7AF51487-695B-4C99-88EB-79A65FA4F2AC}.Release|Any CPU.ActiveCfg = Release|Any CPU
		{7AF51487-695B-4C99-88EB-79A65FA4F2AC}.Release|Any CPU.Build.0 = Release|Any CPU
		{2E12EBE0-580F-428A-9E14-07C3AFAC834B}.Debug|Any CPU.ActiveCfg = Debug|Any CPU
		{2E12EBE0-580F-428A-9E14-07C3AFAC834B}.Debug|Any CPU.Build.0 = Debug|Any CPU
		{2E12EBE0-580F-428A-9E14-07C3AFAC834B}.Release|Any CPU.ActiveCfg = Release|Any CPU
		{2E12EBE0-580F-428A-9E14-07C3AFAC834B}.Release|Any CPU.Build.0 = Release|Any CPU
	EndGlobalSection
	GlobalSection(SolutionProperties) = preSolution
		HideSolutionNode = FALSE
	EndGlobalSection
EndGlobal
